
Microsoft Visual Studio Solution File, Format Version 12.00
# Visual Studio Version 17
VisualStudioVersion = 17.5.33516.290
MinimumVisualStudioVersion = 10.0.40219.1
Project("{FAE04EC0-301F-11D3-BF4B-00C04F79EFBC}") = "WeTNCoffeeShop", "WeTNCoffeeShop\WeTNCoffeeShop.csproj", "{25FA9865-4A3E-43BD-A201-F6B318631C34}"
EndProject
Global
	GlobalSection(SolutionConfigurationPlatforms) = preSolution
		Debug|Any CPU = Debug|Any CPU
		Release|Any CPU = Release|Any CPU
	EndGlobalSection
	GlobalSection(ProjectConfigurationPlatforms) = postSolution
		{25FA9865-4A3E-43BD-A201-F6B318631C34}.Debug|Any CPU.ActiveCfg = Debug|Any CPU
		{25FA9865-4A3E-43BD-A201-F6B318631C34}.Debug|Any CPU.Build.0 = Debug|Any CPU
		{25FA9865-4A3E-43BD-A201-F6B318631C34}.Release|Any CPU.ActiveCfg = Release|Any CPU
		{25FA9865-4A3E-43BD-A201-F6B318631C34}.Release|Any CPU.Build.0 = Release|Any CPU
	EndGlobalSection
	GlobalSection(SolutionProperties) = preSolution
		HideSolutionNode = FALSE
	EndGlobalSection
	GlobalSection(ExtensibilityGlobals) = postSolution
		SolutionGuid = {170111CF-3301-4DFF-90CC-985D8BF3F82D}
	EndGlobalSection
EndGlobal
